// !$*UTF8*$!
{
	archiveVersion = 1;
	classes = {
	};
	objectVersion = 50;
	objects = {

/* Begin PBXBuildFile section */
		4C389BD822E570F90008E720 /* AppDelegate.swift in Sources */ = {isa = PBXBuildFile; fileRef = 4C389BD722E570F90008E720 /* AppDelegate.swift */; };
		4C389BDA22E570F90008E720 /* SceneDelegate.swift in Sources */ = {isa = PBXBuildFile; fileRef = 4C389BD922E570F90008E720 /* SceneDelegate.swift */; };
		4C389BDC22E570F90008E720 /* ContentView.swift in Sources */ = {isa = PBXBuildFile; fileRef = 4C389BDB22E570F90008E720 /* ContentView.swift */; };
		4C389BDE22E570FD0008E720 /* Assets.xcassets in Resources */ = {isa = PBXBuildFile; fileRef = 4C389BDD22E570FD0008E720 /* Assets.xcassets */; };
		4C389BE122E570FD0008E720 /* Preview Assets.xcassets in Resources */ = {isa = PBXBuildFile; fileRef = 4C389BE022E570FD0008E720 /* Preview Assets.xcassets */; };
		4C389BE422E570FD0008E720 /* LaunchScreen.storyboard in Resources */ = {isa = PBXBuildFile; fileRef = 4C389BE222E570FD0008E720 /* LaunchScreen.storyboard */; };
		4C389BEF22E570FD0008E720 /* BGSwapperTests.swift in Sources */ = {isa = PBXBuildFile; fileRef = 4C389BEE22E570FD0008E720 /* BGSwapperTests.swift */; };
		4C389BFB22E571750008E720 /* DeepLabV3.mlmodel in Sources */ = {isa = PBXBuildFile; fileRef = 4C389BFA22E571750008E720 /* DeepLabV3.mlmodel */; };
		4C389BFD22E6E6A90008E720 /* pradImage.png in Resources */ = {isa = PBXBuildFile; fileRef = 4C389BFC22E6E6A80008E720 /* pradImage.png */; };
		4C6F15F322E6F818001F221A /* MLMultiArray+Image.swift in Sources */ = {isa = PBXBuildFile; fileRef = 4C6F15F222E6F818001F221A /* MLMultiArray+Image.swift */; };
		4C6F15F522E6FA83001F221A /* CGImage+RawBytes.swift in Sources */ = {isa = PBXBuildFile; fileRef = 4C6F15F422E6FA83001F221A /* CGImage+RawBytes.swift */; };
		4C6F15F722E6FB4F001F221A /* Math.swift in Sources */ = {isa = PBXBuildFile; fileRef = 4C6F15F622E6FB4F001F221A /* Math.swift */; };
		4C6F15FB22E7059C001F221A /* ViewModel.swift in Sources */ = {isa = PBXBuildFile; fileRef = 4C6F15FA22E7059C001F221A /* ViewModel.swift */; };
/* End PBXBuildFile section */

/* Begin PBXContainerItemProxy section */
		4C389BEB22E570FD0008E720 /* PBXContainerItemProxy */ = {
			isa = PBXContainerItemProxy;
			containerPortal = 4C389BCC22E570F90008E720 /* Project object */;
			proxyType = 1;
			remoteGlobalIDString = 4C389BD322E570F90008E720;
			remoteInfo = BGSwapper;
		};
/* End PBXContainerItemProxy section */

/* Begin PBXFileReference section */
		4C389BD422E570F90008E720 /* BGSwapper.app */ = {isa = PBXFileReference; explicitFileType = wrapper.application; includeInIndex = 0; path = BGSwapper.app; sourceTree = BUILT_PRODUCTS_DIR; };
		4C389BD722E570F90008E720 /* AppDelegate.swift */ = {isa = PBXFileReference; lastKnownFileType = sourcecode.swift; path = AppDelegate.swift; sourceTree = "<group>"; };
		4C389BD922E570F90008E720 /* SceneDelegate.swift */ = {isa = PBXFileReference; lastKnownFileType = sourcecode.swift; path = SceneDelegate.swift; sourceTree = "<group>"; };
		4C389BDB22E570F90008E720 /* ContentView.swift */ = {isa = PBXFileReference; lastKnownFileType = sourcecode.swift; path = ContentView.swift; sourceTree = "<group>"; };
		4C389BDD22E570FD0008E720 /* Assets.xcassets */ = {isa = PBXFileReference; lastKnownFileType = folder.assetcatalog; path = Assets.xcassets; sourceTree = "<group>"; };
		4C389BE022E570FD0008E720 /* Preview Assets.xcassets */ = {isa = PBXFileReference; lastKnownFileType = folder.assetcatalog; path = "Preview Assets.xcassets"; sourceTree = "<group>"; };
		4C389BE322E570FD0008E720 /* Base */ = {isa = PBXFileReference; lastKnownFileType = file.storyboard; name = Base; path = Base.lproj/LaunchScreen.storyboard; sourceTree = "<group>"; };
		4C389BE522E570FD0008E720 /* Info.plist */ = {isa = PBXFileReference; lastKnownFileType = text.plist.xml; path = Info.plist; sourceTree = "<group>"; };
		4C389BEA22E570FD0008E720 /* BGSwapperTests.xctest */ = {isa = PBXFileReference; explicitFileType = wrapper.cfbundle; includeInIndex = 0; path = BGSwapperTests.xctest; sourceTree = BUILT_PRODUCTS_DIR; };
		4C389BEE22E570FD0008E720 /* BGSwapperTests.swift */ = {isa = PBXFileReference; lastKnownFileType = sourcecode.swift; path = BGSwapperTests.swift; sourceTree = "<group>"; };
		4C389BF022E570FD0008E720 /* Info.plist */ = {isa = PBXFileReference; lastKnownFileType = text.plist.xml; path = Info.plist; sourceTree = "<group>"; };
		4C389BFA22E571750008E720 /* DeepLabV3.mlmodel */ = {isa = PBXFileReference; lastKnownFileType = file.mlmodel; path = DeepLabV3.mlmodel; sourceTree = "<group>"; };
		4C389BFC22E6E6A80008E720 /* pradImage.png */ = {isa = PBXFileReference; lastKnownFileType = image.png; path = pradImage.png; sourceTree = "<group>"; };
		4C6F15F222E6F818001F221A /* MLMultiArray+Image.swift */ = {isa = PBXFileReference; fileEncoding = 4; lastKnownFileType = sourcecode.swift; path = "MLMultiArray+Image.swift"; sourceTree = "<group>"; };
		4C6F15F422E6FA83001F221A /* CGImage+RawBytes.swift */ = {isa = PBXFileReference; fileEncoding = 4; lastKnownFileType = sourcecode.swift; path = "CGImage+RawBytes.swift"; sourceTree = "<group>"; };
		4C6F15F622E6FB4F001F221A /* Math.swift */ = {isa = PBXFileReference; fileEncoding = 4; lastKnownFileType = sourcecode.swift; path = Math.swift; sourceTree = "<group>"; };
		4C6F15FA22E7059C001F221A /* ViewModel.swift */ = {isa = PBXFileReference; lastKnownFileType = sourcecode.swift; path = ViewModel.swift; sourceTree = "<group>"; };
/* End PBXFileReference section */

/* Begin PBXFrameworksBuildPhase section */
		4C389BD122E570F90008E720 /* Frameworks */ = {
			isa = PBXFrameworksBuildPhase;
			buildActionMask = 2147483647;
			files = (
			);
			runOnlyForDeploymentPostprocessing = 0;
		};
		4C389BE722E570FD0008E720 /* Frameworks */ = {
			isa = PBXFrameworksBuildPhase;
			buildActionMask = 2147483647;
			files = (
			);
			runOnlyForDeploymentPostprocessing = 0;
		};
/* End PBXFrameworksBuildPhase section */

/* Begin PBXGroup section */
		4C389BCB22E570F90008E720 = {
			isa = PBXGroup;
			children = (
				4C389BD622E570F90008E720 /* BGSwapper */,
				4C389BED22E570FD0008E720 /* BGSwapperTests */,
				4C389BD522E570F90008E720 /* Products */,
			);
			sourceTree = "<group>";
		};
		4C389BD522E570F90008E720 /* Products */ = {
			isa = PBXGroup;
			children = (
				4C389BD422E570F90008E720 /* BGSwapper.app */,
				4C389BEA22E570FD0008E720 /* BGSwapperTests.xctest */,
			);
			name = Products;
			sourceTree = "<group>";
		};
		4C389BD622E570F90008E720 /* BGSwapper */ = {
			isa = PBXGroup;
			children = (
				4C6F15F922E6FD06001F221A /* lib */,
				4C6F15F822E6FCFD001F221A /* delegate */,
				4C389BF922E571660008E720 /* Resources */,
				4C389BD922E570F90008E720 /* SceneDelegate.swift */,
				4C389BE222E570FD0008E720 /* LaunchScreen.storyboard */,
				4C389BE522E570FD0008E720 /* Info.plist */,
				4C389BDF22E570FD0008E720 /* Preview Content */,
				4C6F15FA22E7059C001F221A /* ViewModel.swift */,
				4C389BDB22E570F90008E720 /* ContentView.swift */,
			);
			path = BGSwapper;
			sourceTree = "<group>";
		};
		4C389BDF22E570FD0008E720 /* Preview Content */ = {
			isa = PBXGroup;
			children = (
				4C389BE022E570FD0008E720 /* Preview Assets.xcassets */,
			);
			path = "Preview Content";
			sourceTree = "<group>";
		};
		4C389BED22E570FD0008E720 /* BGSwapperTests */ = {
			isa = PBXGroup;
			children = (
				4C389BEE22E570FD0008E720 /* BGSwapperTests.swift */,
				4C389BF022E570FD0008E720 /* Info.plist */,
			);
			path = BGSwapperTests;
			sourceTree = "<group>";
		};
		4C389BF922E571660008E720 /* Resources */ = {
			isa = PBXGroup;
			children = (
				4C389BDD22E570FD0008E720 /* Assets.xcassets */,
				4C389BFC22E6E6A80008E720 /* pradImage.png */,
				4C389BFA22E571750008E720 /* DeepLabV3.mlmodel */,
			);
			path = Resources;
			sourceTree = "<group>";
		};
		4C6F15F822E6FCFD001F221A /* delegate */ = {
			isa = PBXGroup;
			children = (
				4C389BD722E570F90008E720 /* AppDelegate.swift */,
			);
			path = delegate;
			sourceTree = "<group>";
		};
		4C6F15F922E6FD06001F221A /* lib */ = {
			isa = PBXGroup;
			children = (
				4C6F15F622E6FB4F001F221A /* Math.swift */,
				4C6F15F222E6F818001F221A /* MLMultiArray+Image.swift */,
				4C6F15F422E6FA83001F221A /* CGImage+RawBytes.swift */,
			);
			path = lib;
			sourceTree = "<group>";
		};
/* End PBXGroup section */

/* Begin PBXNativeTarget section */
		4C389BD322E570F90008E720 /* BGSwapper */ = {
			isa = PBXNativeTarget;
			buildConfigurationList = 4C389BF322E570FD0008E720 /* Build configuration list for PBXNativeTarget "BGSwapper" */;
			buildPhases = (
				4C389BD022E570F90008E720 /* Sources */,
				4C389BD122E570F90008E720 /* Frameworks */,
				4C389BD222E570F90008E720 /* Resources */,
			);
			buildRules = (
			);
			dependencies = (
			);
			name = BGSwapper;
			productName = BGSwapper;
			productReference = 4C389BD422E570F90008E720 /* BGSwapper.app */;
			productType = "com.apple.product-type.application";
		};
		4C389BE922E570FD0008E720 /* BGSwapperTests */ = {
			isa = PBXNativeTarget;
			buildConfigurationList = 4C389BF622E570FD0008E720 /* Build configuration list for PBXNativeTarget "BGSwapperTests" */;
			buildPhases = (
				4C389BE622E570FD0008E720 /* Sources */,
				4C389BE722E570FD0008E720 /* Frameworks */,
				4C389BE822E570FD0008E720 /* Resources */,
			);
			buildRules = (
			);
			dependencies = (
				4C389BEC22E570FD0008E720 /* PBXTargetDependency */,
			);
			name = BGSwapperTests;
			productName = BGSwapperTests;
			productReference = 4C389BEA22E570FD0008E720 /* BGSwapperTests.xctest */;
			productType = "com.apple.product-type.bundle.unit-test";
		};
/* End PBXNativeTarget section */

/* Begin PBXProject section */
		4C389BCC22E570F90008E720 /* Project object */ = {
			isa = PBXProject;
			attributes = {
				LastSwiftUpdateCheck = 1100;
				LastUpgradeCheck = 1100;
				ORGANIZATIONNAME = prad;
				TargetAttributes = {
					4C389BD322E570F90008E720 = {
						CreatedOnToolsVersion = 11.0;
					};
					4C389BE922E570FD0008E720 = {
						CreatedOnToolsVersion = 11.0;
						TestTargetID = 4C389BD322E570F90008E720;
					};
				};
			};
			buildConfigurationList = 4C389BCF22E570F90008E720 /* Build configuration list for PBXProject "BGSwapper" */;
			compatibilityVersion = "Xcode 9.3";
			developmentRegion = en;
			hasScannedForEncodings = 0;
			knownRegions = (
				en,
				Base,
			);
			mainGroup = 4C389BCB22E570F90008E720;
			productRefGroup = 4C389BD522E570F90008E720 /* Products */;
			projectDirPath = "";
			projectRoot = "";
			targets = (
				4C389BD322E570F90008E720 /* BGSwapper */,
				4C389BE922E570FD0008E720 /* BGSwapperTests */,
			);
		};
/* End PBXProject section */

/* Begin PBXResourcesBuildPhase section */
		4C389BD222E570F90008E720 /* Resources */ = {
			isa = PBXResourcesBuildPhase;
			buildActionMask = 2147483647;
			files = (
				4C389BE422E570FD0008E720 /* LaunchScreen.storyboard in Resources */,
				4C389BFD22E6E6A90008E720 /* pradImage.png in Resources */,
				4C389BE122E570FD0008E720 /* Preview Assets.xcassets in Resources */,
				4C389BDE22E570FD0008E720 /* Assets.xcassets in Resources */,
			);
			runOnlyForDeploymentPostprocessing = 0;
		};
		4C389BE822E570FD0008E720 /* Resources */ = {
			isa = PBXResourcesBuildPhase;
			buildActionMask = 2147483647;
			files = (
			);
			runOnlyForDeploymentPostprocessing = 0;
		};
/* End PBXResourcesBuildPhase section */

/* Begin PBXSourcesBuildPhase section */
		4C389BD022E570F90008E720 /* Sources */ = {
			isa = PBXSourcesBuildPhase;
			buildActionMask = 2147483647;
			files = (
				4C6F15F322E6F818001F221A /* MLMultiArray+Image.swift in Sources */,
				4C389BD822E570F90008E720 /* AppDelegate.swift in Sources */,
				4C6F15F522E6FA83001F221A /* CGImage+RawBytes.swift in Sources */,
				4C6F15F722E6FB4F001F221A /* Math.swift in Sources */,
				4C389BDA22E570F90008E720 /* SceneDelegate.swift in Sources */,
				4C389BDC22E570F90008E720 /* ContentView.swift in Sources */,
				4C6F15FB22E7059C001F221A /* ViewModel.swift in Sources */,
				4C389BFB22E571750008E720 /* DeepLabV3.mlmodel in Sources */,
			);
			runOnlyForDeploymentPostprocessing = 0;
		};
		4C389BE622E570FD0008E720 /* Sources */ = {
			isa = PBXSourcesBuildPhase;
			buildActionMask = 2147483647;
			files = (
				4C389BEF22E570FD0008E720 /* BGSwapperTests.swift in Sources */,
			);
			runOnlyForDeploymentPostprocessing = 0;
		};
/* End PBXSourcesBuildPhase section */

/* Begin PBXTargetDependency section */
		4C389BEC22E570FD0008E720 /* PBXTargetDependency */ = {
			isa = PBXTargetDependency;
			target = 4C389BD322E570F90008E720 /* BGSwapper */;
			targetProxy = 4C389BEB22E570FD0008E720 /* PBXContainerItemProxy */;
		};
/* End PBXTargetDependency section */

/* Begin PBXVariantGroup section */
		4C389BE222E570FD0008E720 /* LaunchScreen.storyboard */ = {
			isa = PBXVariantGroup;
			children = (
				4C389BE322E570FD0008E720 /* Base */,
			);
			name = LaunchScreen.storyboard;
			sourceTree = "<group>";
		};
/* End PBXVariantGroup section */

/* Begin XCBuildConfiguration section */
		4C389BF122E570FD0008E720 /* Debug */ = {
			isa = XCBuildConfiguration;
			buildSettings = {
				ALWAYS_SEARCH_USER_PATHS = NO;
				CLANG_ANALYZER_NONNULL = YES;
				CLANG_ANALYZER_NUMBER_OBJECT_CONVERSION = YES_AGGRESSIVE;
				CLANG_CXX_LANGUAGE_STANDARD = "gnu++14";
				CLANG_CXX_LIBRARY = "libc++";
				CLANG_ENABLE_MODULES = YES;
				CLANG_ENABLE_OBJC_ARC = YES;
				CLANG_ENABLE_OBJC_WEAK = YES;
				CLANG_WARN_BLOCK_CAPTURE_AUTORELEASING = YES;
				CLANG_WARN_BOOL_CONVERSION = YES;
				CLANG_WARN_COMMA = YES;
				CLANG_WARN_CONSTANT_CONVERSION = YES;
				CLANG_WARN_DEPRECATED_OBJC_IMPLEMENTATIONS = YES;
				CLANG_WARN_DIRECT_OBJC_ISA_USAGE = YES_ERROR;
				CLANG_WARN_DOCUMENTATION_COMMENTS = YES;
				CLANG_WARN_EMPTY_BODY = YES;
				CLANG_WARN_ENUM_CONVERSION = YES;
				CLANG_WARN_INFINITE_RECURSION = YES;
				CLANG_WARN_INT_CONVERSION = YES;
				CLANG_WARN_NON_LITERAL_NULL_CONVERSION = YES;
				CLANG_WARN_OBJC_IMPLICIT_RETAIN_SELF = YES;
				CLANG_WARN_OBJC_LITERAL_CONVERSION = YES;
				CLANG_WARN_OBJC_ROOT_CLASS = YES_ERROR;
				CLANG_WARN_RANGE_LOOP_ANALYSIS = YES;
				CLANG_WARN_STRICT_PROTOTYPES = YES;
				CLANG_WARN_SUSPICIOUS_MOVE = YES;
				CLANG_WARN_UNGUARDED_AVAILABILITY = YES_AGGRESSIVE;
				CLANG_WARN_UNREACHABLE_CODE = YES;
				CLANG_WARN__DUPLICATE_METHOD_MATCH = YES;
				COPY_PHASE_STRIP = NO;
				DEBUG_INFORMATION_FORMAT = dwarf;
				ENABLE_STRICT_OBJC_MSGSEND = YES;
				ENABLE_TESTABILITY = YES;
				GCC_C_LANGUAGE_STANDARD = gnu11;
				GCC_DYNAMIC_NO_PIC = NO;
				GCC_NO_COMMON_BLOCKS = YES;
				GCC_OPTIMIZATION_LEVEL = 0;
				GCC_PREPROCESSOR_DEFINITIONS = (
					"DEBUG=1",
					"$(inherited)",
				);
				GCC_WARN_64_TO_32_BIT_CONVERSION = YES;
				GCC_WARN_ABOUT_RETURN_TYPE = YES_ERROR;
				GCC_WARN_UNDECLARED_SELECTOR = YES;
				GCC_WARN_UNINITIALIZED_AUTOS = YES_AGGRESSIVE;
				GCC_WARN_UNUSED_FUNCTION = YES;
				GCC_WARN_UNUSED_VARIABLE = YES;
				IPHONEOS_DEPLOYMENT_TARGET = 13.0;
				MTL_ENABLE_DEBUG_INFO = INCLUDE_SOURCE;
				MTL_FAST_MATH = YES;
				ONLY_ACTIVE_ARCH = YES;
				SDKROOT = iphoneos;
				SWIFT_ACTIVE_COMPILATION_CONDITIONS = DEBUG;
				SWIFT_OPTIMIZATION_LEVEL = "-Onone";
			};
			name = Debug;
		};
		4C389BF222E570FD0008E720 /* Release */ = {
			isa = XCBuildConfiguration;
			buildSettings = {
				ALWAYS_SEARCH_USER_PATHS = NO;
				CLANG_ANALYZER_NONNULL = YES;
				CLANG_ANALYZER_NUMBER_OBJECT_CONVERSION = YES_AGGRESSIVE;
				CLANG_CXX_LANGUAGE_STANDARD = "gnu++14";
				CLANG_CXX_LIBRARY = "libc++";
				CLANG_ENABLE_MODULES = YES;
				CLANG_ENABLE_OBJC_ARC = YES;
				CLANG_ENABLE_OBJC_WEAK = YES;
				CLANG_WARN_BLOCK_CAPTURE_AUTORELEASING = YES;
				CLANG_WARN_BOOL_CONVERSION = YES;
				CLANG_WARN_COMMA = YES;
				CLANG_WARN_CONSTANT_CONVERSION = YES;
				CLANG_WARN_DEPRECATED_OBJC_IMPLEMENTATIONS = YES;
				CLANG_WARN_DIRECT_OBJC_ISA_USAGE = YES_ERROR;
				CLANG_WARN_DOCUMENTATION_COMMENTS = YES;
				CLANG_WARN_EMPTY_BODY = YES;
				CLANG_WARN_ENUM_CONVERSION = YES;
				CLANG_WARN_INFINITE_RECURSION = YES;
				CLANG_WARN_INT_CONVERSION = YES;
				CLANG_WARN_NON_LITERAL_NULL_CONVERSION = YES;
				CLANG_WARN_OBJC_IMPLICIT_RETAIN_SELF = YES;
				CLANG_WARN_OBJC_LITERAL_CONVERSION = YES;
				CLANG_WARN_OBJC_ROOT_CLASS = YES_ERROR;
				CLANG_WARN_RANGE_LOOP_ANALYSIS = YES;
				CLANG_WARN_STRICT_PROTOTYPES = YES;
				CLANG_WARN_SUSPICIOUS_MOVE = YES;
				CLANG_WARN_UNGUARDED_AVAILABILITY = YES_AGGRESSIVE;
				CLANG_WARN_UNREACHABLE_CODE = YES;
				CLANG_WARN__DUPLICATE_METHOD_MATCH = YES;
				COPY_PHASE_STRIP = NO;
				DEBUG_INFORMATION_FORMAT = "dwarf-with-dsym";
				ENABLE_NS_ASSERTIONS = NO;
				ENABLE_STRICT_OBJC_MSGSEND = YES;
				GCC_C_LANGUAGE_STANDARD = gnu11;
				GCC_NO_COMMON_BLOCKS = YES;
				GCC_WARN_64_TO_32_BIT_CONVERSION = YES;
				GCC_WARN_ABOUT_RETURN_TYPE = YES_ERROR;
				GCC_WARN_UNDECLARED_SELECTOR = YES;
				GCC_WARN_UNINITIALIZED_AUTOS = YES_AGGRESSIVE;
				GCC_WARN_UNUSED_FUNCTION = YES;
				GCC_WARN_UNUSED_VARIABLE = YES;
				IPHONEOS_DEPLOYMENT_TARGET = 13.0;
				MTL_ENABLE_DEBUG_INFO = NO;
				MTL_FAST_MATH = YES;
				SDKROOT = iphoneos;
				SWIFT_COMPILATION_MODE = wholemodule;
				SWIFT_OPTIMIZATION_LEVEL = "-O";
				VALIDATE_PRODUCT = YES;
			};
			name = Release;
		};
		4C389BF422E570FD0008E720 /* Debug */ = {
			isa = XCBuildConfiguration;
			buildSettings = {
				ASSETCATALOG_COMPILER_APPICON_NAME = AppIcon;
				CODE_SIGN_STYLE = Automatic;
				DEVELOPMENT_ASSET_PATHS = "BGSwapper/Preview\\ Content";
				DEVELOPMENT_TEAM = CA9334YT24;
				ENABLE_PREVIEWS = YES;
				INFOPLIST_FILE = BGSwapper/Info.plist;
				IPHONEOS_DEPLOYMENT_TARGET = 13.0;
				LD_RUNPATH_SEARCH_PATHS = (
					"$(inherited)",
					"@executable_path/Frameworks",
				);
				PRODUCT_BUNDLE_IDENTIFIER = prad.BGSwapper;
				PRODUCT_NAME = "$(TARGET_NAME)";
				SWIFT_VERSION = 5.0;
				TARGETED_DEVICE_FAMILY = "1,2";
			};
			name = Debug;
		};
		4C389BF522E570FD0008E720 /* Release */ = {
			isa = XCBuildConfiguration;
			buildSettings = {
				ASSETCATALOG_COMPILER_APPICON_NAME = AppIcon;
				CODE_SIGN_STYLE = Automatic;
				DEVELOPMENT_ASSET_PATHS = "BGSwapper/Preview\\ Content";
				DEVELOPMENT_TEAM = CA9334YT24;
				ENABLE_PREVIEWS = YES;
				INFOPLIST_FILE = BGSwapper/Info.plist;
				IPHONEOS_DEPLOYMENT_TARGET = 13.0;
				LD_RUNPATH_SEARCH_PATHS = (
					"$(inherited)",
					"@executable_path/Frameworks",
				);
				PRODUCT_BUNDLE_IDENTIFIER = prad.BGSwapper;
				PRODUCT_NAME = "$(TARGET_NAME)";
				SWIFT_VERSION = 5.0;
				TARGETED_DEVICE_FAMILY = "1,2";
			};
			name = Release;
		};
		4C389BF722E570FD0008E720 /* Debug */ = {
			isa = XCBuildConfiguration;
			buildSettings = {
				ALWAYS_EMBED_SWIFT_STANDARD_LIBRARIES = YES;
				BUNDLE_LOADER = "$(TEST_HOST)";
				CODE_SIGN_STYLE = Automatic;
				DEVELOPMENT_TEAM = CA9334YT24;
				INFOPLIST_FILE = BGSwapperTests/Info.plist;
				LD_RUNPATH_SEARCH_PATHS = (
					"$(inherited)",
					"@executable_path/Frameworks",
					"@loader_path/Frameworks",
				);
				PRODUCT_BUNDLE_IDENTIFIER = prad.BGSwapperTests;
				PRODUCT_NAME = "$(TARGET_NAME)";
				SWIFT_VERSION = 5.0;
				TARGETED_DEVICE_FAMILY = "1,2";
				TEST_HOST = "$(BUILT_PRODUCTS_DIR)/BGSwapper.app/BGSwapper";
			};
			name = Debug;
		};
		4C389BF822E570FD0008E720 /* Release */ = {
			isa = XCBuildConfiguration;
			buildSettings = {
				ALWAYS_EMBED_SWIFT_STANDARD_LIBRARIES = YES;
				BUNDLE_LOADER = "$(TEST_HOST)";
				CODE_SIGN_STYLE = Automatic;
				DEVELOPMENT_TEAM = CA9334YT24;
				INFOPLIST_FILE = BGSwapperTests/Info.plist;
				LD_RUNPATH_SEARCH_PATHS = (
					"$(inherited)",
					"@executable_path/Frameworks",
					"@loader_path/Frameworks",
				);
				PRODUCT_BUNDLE_IDENTIFIER = prad.BGSwapperTests;
				PRODUCT_NAME = "$(TARGET_NAME)";
				SWIFT_VERSION = 5.0;
				TARGETED_DEVICE_FAMILY = "1,2";
				TEST_HOST = "$(BUILT_PRODUCTS_DIR)/BGSwapper.app/BGSwapper";
			};
			name = Release;
		};
/* End XCBuildConfiguration section */

/* Begin XCConfigurationList section */
		4C389BCF22E570F90008E720 /* Build configuration list for PBXProject "BGSwapper" */ = {
			isa = XCConfigurationList;
			buildConfigurations = (
				4C389BF122E570FD0008E720 /* Debug */,
				4C389BF222E570FD0008E720 /* Release */,
			);
			defaultConfigurationIsVisible = 0;
			defaultConfigurationName = Release;
		};
		4C389BF322E570FD0008E720 /* Build configuration list for PBXNativeTarget "BGSwapper" */ = {
			isa = XCConfigurationList;
			buildConfigurations = (
				4C389BF422E570FD0008E720 /* Debug */,
				4C389BF522E570FD0008E720 /* Release */,
			);
			defaultConfigurationIsVisible = 0;
			defaultConfigurationName = Release;
		};
		4C389BF622E570FD0008E720 /* Build configuration list for PBXNativeTarget "BGSwapperTests" */ = {
			isa = XCConfigurationList;
			buildConfigurations = (
				4C389BF722E570FD0008E720 /* Debug */,
				4C389BF822E570FD0008E720 /* Release */,
			);
			defaultConfigurationIsVisible = 0;
			defaultConfigurationName = Release;
		};
/* End XCConfigurationList section */
	};
	rootObject = 4C389BCC22E570F90008E720 /* Project object */;
}
